
Microsoft Visual Studio Solution File, Format Version 12.00
# Visual Studio 15
VisualStudioVersion = 15.0.28307.329
MinimumVisualStudioVersion = 10.0.40219.1
Project("{FAE04EC0-301F-11D3-BF4B-00C04F79EFBC}") = "Portal", "Portal\Portal.csproj", "{63E1883D-6C56-4D72-AF65-055B2B23D8E0}"
EndProject
Project("{FAE04EC0-301F-11D3-BF4B-00C04F79EFBC}") = "Portal.Tests", "Portal.Tests\Portal.Tests.csproj", "{A5A49A44-A348-41E7-96E7-3414CF6C7343}"
EndProject
Project("{FAE04EC0-301F-11D3-BF4B-00C04F79EFBC}") = "Portal.BusinessLayer", "Portal.BusinessLayer\Portal.BusinessLayer.csproj", "{C2401DEC-1941-4BF5-B6FA-3C8F7C4DB6D0}"
EndProject
Project("{FAE04EC0-301F-11D3-BF4B-00C04F79EFBC}") = "Portal.DataLayer", "Portal.DataLayer\Portal.DataLayer.csproj", "{B807C019-DF6A-47E7-A1ED-72B6395C32FF}"
EndProject
Global
	GlobalSection(SolutionConfigurationPlatforms) = preSolution
		Debug|Any CPU = Debug|Any CPU
		Debug|ARM = Debug|ARM
		Debug|ARM64 = Debug|ARM64
		Debug|x64 = Debug|x64
		Debug|x86 = Debug|x86
		Release|Any CPU = Release|Any CPU
		Release|ARM = Release|ARM
		Release|ARM64 = Release|ARM64
		Release|x64 = Release|x64
		Release|x86 = Release|x86
	EndGlobalSection
	GlobalSection(ProjectConfigurationPlatforms) = postSolution
		{63E1883D-6C56-4D72-AF65-055B2B23D8E0}.Debug|Any CPU.ActiveCfg = Debug|Any CPU
		{63E1883D-6C56-4D72-AF65-055B2B23D8E0}.Debug|Any CPU.Build.0 = Debug|Any CPU
		{63E1883D-6C56-4D72-AF65-055B2B23D8E0}.Debug|ARM.ActiveCfg = Debug|Any CPU
		{63E1883D-6C56-4D72-AF65-055B2B23D8E0}.Debug|ARM.Build.0 = Debug|Any CPU
		{63E1883D-6C56-4D72-AF65-055B2B23D8E0}.Debug|ARM64.ActiveCfg = Debug|Any CPU
		{63E1883D-6C56-4D72-AF65-055B2B23D8E0}.Debug|ARM64.Build.0 = Debug|Any CPU
		{63E1883D-6C56-4D72-AF65-055B2B23D8E0}.Debug|x64.ActiveCfg = Debug|Any CPU
		{63E1883D-6C56-4D72-AF65-055B2B23D8E0}.Debug|x64.Build.0 = Debug|Any CPU
		{63E1883D-6C56-4D72-AF65-055B2B23D8E0}.Debug|x86.ActiveCfg = Debug|Any CPU
		{63E1883D-6C56-4D72-AF65-055B2B23D8E0}.Debug|x86.Build.0 = Debug|Any CPU
		{63E1883D-6C56-4D72-AF65-055B2B23D8E0}.Release|Any CPU.ActiveCfg = Release|Any CPU
		{63E1883D-6C56-4D72-AF65-055B2B23D8E0}.Release|Any CPU.Build.0 = Release|Any CPU
		{63E1883D-6C56-4D72-AF65-055B2B23D8E0}.Release|ARM.ActiveCfg = Release|Any CPU
		{63E1883D-6C56-4D72-AF65-055B2B23D8E0}.Release|ARM.Build.0 = Release|Any CPU
		{63E1883D-6C56-4D72-AF65-055B2B23D8E0}.Release|ARM64.ActiveCfg = Release|Any CPU
		{63E1883D-6C56-4D72-AF65-055B2B23D8E0}.Release|ARM64.Build.0 = Release|Any CPU
		{63E1883D-6C56-4D72-AF65-055B2B23D8E0}.Release|x64.ActiveCfg = Release|Any CPU
		{63E1883D-6C56-4D72-AF65-055B2B23D8E0}.Release|x64.Build.0 = Release|Any CPU
		{63E1883D-6C56-4D72-AF65-055B2B23D8E0}.Release|x86.ActiveCfg = Release|Any CPU
		{63E1883D-6C56-4D72-AF65-055B2B23D8E0}.Release|x86.Build.0 = Release|Any CPU
		{A5A49A44-A348-41E7-96E7-3414CF6C7343}.Debug|Any CPU.ActiveCfg = Debug|Any CPU
		{A5A49A44-A348-41E7-96E7-3414CF6C7343}.Debug|Any CPU.Build.0 = Debug|Any CPU
		{A5A49A44-A348-41E7-96E7-3414CF6C7343}.Debug|ARM.ActiveCfg = Debug|Any CPU
		{A5A49A44-A348-41E7-96E7-3414CF6C7343}.Debug|ARM.Build.0 = Debug|Any CPU
		{A5A49A44-A348-41E7-96E7-3414CF6C7343}.Debug|ARM64.ActiveCfg = Debug|Any CPU
		{A5A49A44-A348-41E7-96E7-3414CF6C7343}.Debug|ARM64.Build.0 = Debug|Any CPU
		{A5A49A44-A348-41E7-96E7-3414CF6C7343}.Debug|x64.ActiveCfg = Debug|Any CPU
		{A5A49A44-A348-41E7-96E7-3414CF6C7343}.Debug|x64.Build.0 = Debug|Any CPU
		{A5A49A44-A348-41E7-96E7-3414CF6C7343}.Debug|x86.ActiveCfg = Debug|Any CPU
		{A5A49A44-A348-41E7-96E7-3414CF6C7343}.Debug|x86.Build.0 = Debug|Any CPU
		{A5A49A44-A348-41E7-96E7-3414CF6C7343}.Release|Any CPU.ActiveCfg = Release|Any CPU
		{A5A49A44-A348-41E7-96E7-3414CF6C7343}.Release|Any CPU.Build.0 = Release|Any CPU
		{A5A49A44-A348-41E7-96E7-3414CF6C7343}.Release|ARM.ActiveCfg = Release|Any CPU
		{A5A49A44-A348-41E7-96E7-3414CF6C7343}.Release|ARM.Build.0 = Release|Any CPU
		{A5A49A44-A348-41E7-96E7-3414CF6C7343}.Release|ARM64.ActiveCfg = Release|Any CPU
		{A5A49A44-A348-41E7-96E7-3414CF6C7343}.Release|ARM64.Build.0 = Release|Any CPU
		{A5A49A44-A348-41E7-96E7-3414CF6C7343}.Release|x64.ActiveCfg = Release|Any CPU
		{A5A49A44-A348-41E7-96E7-3414CF6C7343}.Release|x64.Build.0 = Release|Any CPU
		{A5A49A44-A348-41E7-96E7-3414CF6C7343}.Release|x86.ActiveCfg = Release|Any CPU
		{A5A49A44-A348-41E7-96E7-3414CF6C7343}.Release|x86.Build.0 = Release|Any CPU
		{C2401DEC-1941-4BF5-B6FA-3C8F7C4DB6D0}.Debug|Any CPU.ActiveCfg = Debug|Any CPU
		{C2401DEC-1941-4BF5-B6FA-3C8F7C4DB6D0}.Debug|Any CPU.Build.0 = Debug|Any CPU
		{C2401DEC-1941-4BF5-B6FA-3C8F7C4DB6D0}.Debug|ARM.ActiveCfg = Debug|Any CPU
		{C2401DEC-1941-4BF5-B6FA-3C8F7C4DB6D0}.Debug|ARM.Build.0 = Debug|Any CPU
		{C2401DEC-1941-4BF5-B6FA-3C8F7C4DB6D0}.Debug|ARM64.ActiveCfg = Debug|Any CPU
		{C2401DEC-1941-4BF5-B6FA-3C8F7C4DB6D0}.Debug|ARM64.Build.0 = Debug|Any CPU
		{C2401DEC-1941-4BF5-B6FA-3C8F7C4DB6D0}.Debug|x64.ActiveCfg = Debug|Any CPU
		{C2401DEC-1941-4BF5-B6FA-3C8F7C4DB6D0}.Debug|x64.Build.0 = Debug|Any CPU
		{C2401DEC-1941-4BF5-B6FA-3C8F7C4DB6D0}.Debug|x86.ActiveCfg = Debug|Any CPU
		{C2401DEC-1941-4BF5-B6FA-3C8F7C4DB6D0}.Debug|x86.Build.0 = Debug|Any CPU
		{C2401DEC-1941-4BF5-B6FA-3C8F7C4DB6D0}.Release|Any CPU.ActiveCfg = Release|Any CPU
		{C2401DEC-1941-4BF5-B6FA-3C8F7C4DB6D0}.Release|Any CPU.Build.0 = Release|Any CPU
		{C2401DEC-1941-4BF5-B6FA-3C8F7C4DB6D0}.Release|ARM.ActiveCfg = Release|Any CPU
		{C2401DEC-1941-4BF5-B6FA-3C8F7C4DB6D0}.Release|ARM.Build.0 = Release|Any CPU
		{C2401DEC-1941-4BF5-B6FA-3C8F7C4DB6D0}.Release|ARM64.ActiveCfg = Release|Any CPU
		{C2401DEC-1941-4BF5-B6FA-3C8F7C4DB6D0}.Release|ARM64.Build.0 = Release|Any CPU
		{C2401DEC-1941-4BF5-B6FA-3C8F7C4DB6D0}.Release|x64.ActiveCfg = Release|Any CPU
		{C2401DEC-1941-4BF5-B6FA-3C8F7C4DB6D0}.Release|x64.Build.0 = Release|Any CPU
		{C2401DEC-1941-4BF5-B6FA-3C8F7C4DB6D0}.Release|x86.ActiveCfg = Release|Any CPU
		{C2401DEC-1941-4BF5-B6FA-3C8F7C4DB6D0}.Release|x86.Build.0 = Release|Any CPU
		{B807C019-DF6A-47E7-A1ED-72B6395C32FF}.Debug|Any CPU.ActiveCfg = Debug|Any CPU
		{B807C019-DF6A-47E7-A1ED-72B6395C32FF}.Debug|Any CPU.Build.0 = Debug|Any CPU
		{B807C019-DF6A-47E7-A1ED-72B6395C32FF}.Debug|ARM.ActiveCfg = Debug|Any CPU
		{B807C019-DF6A-47E7-A1ED-72B6395C32FF}.Debug|ARM.Build.0 = Debug|Any CPU
		{B807C019-DF6A-47E7-A1ED-72B6395C32FF}.Debug|ARM64.ActiveCfg = Debug|Any CPU
		{B807C019-DF6A-47E7-A1ED-72B6395C32FF}.Debug|ARM64.Build.0 = Debug|Any CPU
		{B807C019-DF6A-47E7-A1ED-72B6395C32FF}.Debug|x64.ActiveCfg = Debug|Any CPU
		{B807C019-DF6A-47E7-A1ED-72B6395C32FF}.Debug|x64.Build.0 = Debug|Any CPU
		{B807C019-DF6A-47E7-A1ED-72B6395C32FF}.Debug|x86.ActiveCfg = Debug|Any CPU
		{B807C019-DF6A-47E7-A1ED-72B6395C32FF}.Debug|x86.Build.0 = Debug|Any CPU
		{B807C019-DF6A-47E7-A1ED-72B6395C32FF}.Release|Any CPU.ActiveCfg = Release|Any CPU
		{B807C019-DF6A-47E7-A1ED-72B6395C32FF}.Release|Any CPU.Build.0 = Release|Any CPU
		{B807C019-DF6A-47E7-A1ED-72B6395C32FF}.Release|ARM.ActiveCfg = Release|Any CPU
		{B807C019-DF6A-47E7-A1ED-72B6395C32FF}.Release|ARM.Build.0 = Release|Any CPU
		{B807C019-DF6A-47E7-A1ED-72B6395C32FF}.Release|ARM64.ActiveCfg = Release|Any CPU
		{B807C019-DF6A-47E7-A1ED-72B6395C32FF}.Release|ARM64.Build.0 = Release|Any CPU
		{B807C019-DF6A-47E7-A1ED-72B6395C32FF}.Release|x64.ActiveCfg = Release|Any CPU
		{B807C019-DF6A-47E7-A1ED-72B6395C32FF}.Release|x64.Build.0 = Release|Any CPU
		{B807C019-DF6A-47E7-A1ED-72B6395C32FF}.Release|x86.ActiveCfg = Release|Any CPU
		{B807C019-DF6A-47E7-A1ED-72B6395C32FF}.Release|x86.Build.0 = Release|Any CPU
	EndGlobalSection
	GlobalSection(SolutionProperties) = preSolution
		HideSolutionNode = FALSE
	EndGlobalSection
	GlobalSection(ExtensibilityGlobals) = postSolution
		SolutionGuid = {8B320FDA-65B8-4493-ADA7-3A53EB4C9047}
	EndGlobalSection
EndGlobal
